cloud.google.com/go v0.34.0 h1:eOI3/cP2VTU6uZLDYAoic+eyzzB9YyGmJ7eIjl8rOPg=
cloud.google.com/go v0.34.0/go.mod h1:aQUYkXzVsufM+DwF1aE+0xfcU+56JwCaLick0ClmMTw=
github.com/davecgh/go-spew v1.1.0/go.mod h1:J7Y8YcW2NihsgmVo/mv3lAwl/skON4iLHjSsI+c5H38=
github.com/davecgh/go-spew v1.1.1 h1:vj9j/u1bqnvCEfJOwUhtlOARqs3+rkHYY13jYWTU97c=
github.com/davecgh/go-spew v1.1.1/go.mod h1:J7Y8YcW2NihsgmVo/mv3lAwl/skON4iLHjSsI+c5H38=
github.com/denisenkom/go-mssqldb v0.0.0-20181014144952-4e0d7dc8888f h1:WH0w/R4Yoey+04HhFxqZ6VX6I0d7RMyw5aXQ9UTvQPs=
github.com/denisenkom/go-mssqldb v0.0.0-20181014144952-4e0d7dc8888f/go.mod h1:xN/JuLBIz4bjkxNmByTiV1IbhfnYb6oo99phBn4Eqhc=
github.com/erikstmartin/go-testdb v0.0.0-20160219214506-8d10e4a1bae5 h1:Yzb9+7DPaBjB8zlTR87/ElzFsnQfuHnVUVqpZZIcV5Y=
github.com/erikstmartin/go-testdb v0.0.0-20160219214506-8d10e4a1bae5/go.mod h1:a2zkGnVExMxdzMo3M0Hi/3sEU+cWnZpSni0O6/Yb/P0=
github.com/go-sql-driver/mysql v1.4.1 h1:g24URVg0OFbNUTx9qqY1IRZ9D9z3iPyi5zKhQZpNwpA=
github.com/go-sql-driver/mysql v1.4.1/go.mod h1:zAC/RDZ24gD3HViQzih4MyKcchzm+sOG5ZlKdlhCg5w=
github.com/gofrs/uuid v3.1.0+incompatible h1:q2rtkjaKT4YEr6E1kamy0Ha4RtepWlQBedyHx0uzKwA=
github.com/gofrs/uuid v3.1.0+incompatible/go.mod h1:b2aQJv3Z4Fp6yNu3cdSllBxTCLRxnplIgP/c0N/04lM=
github.com/golang/protobuf v1.2.0/go.mod h1:6lQm79b+lXiMfvg/cZm0SGofjICqVBUtrP5yJMmIC1U=
github.com/google/go-cmp v0.2.0 h1:+dTQ8DZQJz0Mb/HjFlkptS1FeQ4cWSnN941F8aEG4SQ=
github.com/google/go-cmp v0.2.0/go.mod h1:oXzfMopK8JAjlY9xF4vHSVASa0yLyX7SntLO5aqRK0M=
github.com/gorilla/context v1.1.1 h1:AWwleXJkX/nhcU9bZSnZoi3h/qGYqQAGhq6zZe/aQW8=
github.com/gorilla/context v1.1.1/go.mod h1:kBGZzfjB9CEq2AlWe17Uuf7NDRt0dE0s8S51q0aT7Yg=
github.com/gorilla/handlers v1.4.0 h1:XulKRWSQK5uChr4pEgSE4Tc/OcmnU9GJuSwdog/tZsA=
github.com/gorilla/handlers v1.4.0/go.mod h1:Qkdc/uu4tH4g6mTK6auzZ766c4CA0Ng8+o/OAirnOIQ=
github.com/gorilla/mux v1.6.2 h1:Pgr17XVTNXAk3q/r4CpKzC5xBM/qW1uVLV+IhRZpIIk=
github.com/gorilla/mux v1.6.2/go.mod h1:1lud6UwP+6orDFRuTfBEV8e9/aOM/c4fVVCaMa2zaAs=
github.com/jinzhu/gorm v1.9.2 h1:lCvgEaqe/HVE+tjAR2mt4HbbHAZsQOv3XAZiEZV37iw=
github.com/jinzhu/gorm v1.9.2/go.mod h1:Vla75njaFJ8clLU1W44h34PjIkijhjHIYnZxMqCdxqo=
github.com/jinzhu/inflection v0.0.0-20180308033659-04140366298a h1:eeaG9XMUvRBYXJi4pg1ZKM7nxc5AfXfojeLLW7O5J3k=
github.com/jinzhu/inflection v0.0.0-20180308033659-04140366298a/go.mod h1:h+uFLlag+Qp1Va5pdKtLDYj+kHp5pxUVkryuEj+Srlc=
github.com/jinzhu/now v0.0.0-20181116074157-8ec929ed50c3 h1:xvj06l8iSwiWpYgm8MbPp+naBg+pwfqmdXabzqPCn/8=
github.com/jinzhu/now v0.0.0-20181116074157-8ec929ed50c3/go.mod h1:oHTiXerJ20+SfYcrdlBO7rzZRJWGwSTQ0iUY2jI6Gfc=
github.com/konsorten/go-windows-terminal-sequences v1.0.1/go.mod h1:T0+1ngSBFLxvqU3pZ+m/2kptfBszLMUkC4ZK/EgS/cQ=
github.com/lib/pq v1.0.0 h1:X5PMW56eZitiTeO7tKzZxFCSpbFZJtkMMooicw2us9A=
github.com/lib/pq v1.0.0/go.mod h1:5WUZQaWbwv1U+lTReE5YruASi9Al49XbQIvNi/34Woo=
github.com/mattn/go-sqlite3 v1.10.0 h1:jbhqpg7tQe4SupckyijYiy0mJJ/pRyHvXf7JdWK860o=
github.com/mattn/go-sqlite3 v1.10.0/go.mod h1:FPy6KqzDD04eiIsT53CuJW3U88zkxoIYsOqkbpncsNc=
github.com/pmezard/go-difflib v1.0.0 h1:4DBwDE0NGyQoBHbLQYPwSUPoCMWR5BEzIk/f1lZbAQM=
github.com/pmezard/go-difflib v1.0.0/go.mod h1:iKH77koFhYxTK1pcRnkKkqfTogsbg7gZNVY4sRDYZ/4=
github.com/satori/go.uuid v1.2.1-0.20181028125025-b2ce2384e17b h1:gQZ0qzfKHQIybLANtM3mBXNUtOfsCFXeTsnBqCsx1KM=
github.com/satori/go.uuid v1.2.1-0.20181028125025-b2ce2384e17b/go.mod h1:dA0hQrYB0VpLJoorglMZABFdXlWrHn1NEOzdhQKdks0=
github.com/sirupsen/logrus v1.3.0 h1:hI/7Q+DtNZ2kINb6qt/lS+IyXnHQe9e90POfeewL/ME=
github.com/sirupsen/logrus v1.3.0/go.mod h1:LxeOpSwHxABJmUn/MG1IvRgCAasNZTLOkJPxbbu5VWo=
github.com/stretchr/objx v0.1.0/go.mod h1:HFkY916IF+rwdDfMAkV7OtwuqBVzrE8GR6GFx+wExME=
github.com/stretchr/objx v0.1.1/go.mod h1:HFkY916IF+rwdDfMAkV7OtwuqBVzrE8GR6GFx+wExME=
github.com/stretchr/testify v1.2.2 h1:bSDNvY7ZPG5RlJ8otE/7V6gMiyenm9RtJ7IUVIAoJ1w=
github.com/stretchr/testify v1.2.2/go.mod h1:a8OnRcib4nhh0OaRAV+Yts87kKdq0PP7pXfy6kDkUVs=
github.com/stretchr/testify v1.3.0 h1:TivCn/peBQ7UY8ooIcPgZFpTNSz0Q2U6UrFlUfqbe0Q=
github.com/stretchr/testify v1.3.0/go.mod h1:M5WIy9Dh21IEIfnGCwXGc5bZfKNJtfHm1UVUgZn+9EI=
gitlab.devtools.intel.com/sst/isecl/lib/common v0.0.0-20181121191214-b6cb5d0ef496 h1:F149VFsZb87OxJQ3RQO6Fm1UO+KvRYNNcx0o5kK889U=
gitlab.devtools.intel.com/sst/isecl/lib/common v0.0.0-20181121191214-b6cb5d0ef496/go.mod h1:QoBuIKg0Olk/c0420oq1X87FqNfzduAA38tFMqDRU+8=
gitlab.devtools.intel.com/sst/isecl/lib/common v0.0.0-20181219001924-c333b49a3b24 h1:45wIoseQvMLHtcZKqt0331HXju50KzPaQt27ojD9VKo=
gitlab.devtools.intel.com/sst/isecl/lib/common v0.0.0-20181219001924-c333b49a3b24/go.mod h1:QoBuIKg0Olk/c0420oq1X87FqNfzduAA38tFMqDRU+8=
gitlab.devtools.intel.com/sst/isecl/lib/common v0.0.0-20190102215830-f9c9e2da84e8 h1:62rJ4cTu7VN3xaRiGIuWhdSvHY/2rNvCXx+Ks8WjqSI=
gitlab.devtools.intel.com/sst/isecl/lib/common v0.0.0-20190102215830-f9c9e2da84e8/go.mod h1:QoBuIKg0Olk/c0420oq1X87FqNfzduAA38tFMqDRU+8=
gitlab.devtools.intel.com/sst/isecl/lib/common v0.0.0-20190110234046-29fc7aa6f95d h1:1MTimtJldWz9gMIgzQgYI6UylIm9zAPTs8e0L2nQ+2g=
gitlab.devtools.intel.com/sst/isecl/lib/common v0.0.0-20190110234046-29fc7aa6f95d/go.mod h1:QoBuIKg0Olk/c0420oq1X87FqNfzduAA38tFMqDRU+8=
gitlab.devtools.intel.com/sst/isecl/lib/common v0.0.0-20190111193312-8cce5c9d03f3 h1:VKeJm9WhF0OxPZA/E4dPb7rPLvZAT3cHPnHwpjJZIeU=
gitlab.devtools.intel.com/sst/isecl/lib/common v0.0.0-20190111193312-8cce5c9d03f3/go.mod h1:QoBuIKg0Olk/c0420oq1X87FqNfzduAA38tFMqDRU+8=
gitlab.devtools.intel.com/sst/isecl/lib/flavor v0.0.0-20181206181952-1ec1e81fed41 h1:Lcn5jx9SIzKgUoz+SnBtv27iYb63gkds3/Wukrbu5Dk=
gitlab.devtools.intel.com/sst/isecl/lib/flavor v0.0.0-20181206181952-1ec1e81fed41/go.mod h1:fCTEU9j0ghUk5WedUJokcVkjOym9WdeXhakwa+gH8u0=
gitlab.devtools.intel.com/sst/isecl/lib/kms-client v0.0.0-20181219195700-15bffd09bae7 h1:IxBDsDoxtOIIT1Jvc+nLMov0wxZTbt6UYudQnOT7qds=
gitlab.devtools.intel.com/sst/isecl/lib/kms-client v0.0.0-20181219195700-15bffd09bae7/go.mod h1:GvuweO3Yr/sMr16D9Rj5RcaX/wt1ffWmc/EvSNlCyjs=
gitlab.devtools.intel.com/sst/isecl/lib/kms-client v0.0.0-20190103193235-56d0ce14bafd h1:gyBhBerZKDnOJ6kAQRZuTBemaomhdNTLx954H6cnHAw=
gitlab.devtools.intel.com/sst/isecl/lib/kms-client v0.0.0-20190103193235-56d0ce14bafd/go.mod h1:GvuweO3Yr/sMr16D9Rj5RcaX/wt1ffWmc/EvSNlCyjs=
gitlab.devtools.intel.com/sst/isecl/lib/kms-client v0.0.0-20190107233512-e554eb3f31f5 h1:S/WAdqrZJtVJORpBMlObeErS9H10v+5QJZm/86CZ93I=
gitlab.devtools.intel.com/sst/isecl/lib/kms-client v0.0.0-20190107233512-e554eb3f31f5/go.mod h1:GvuweO3Yr/sMr16D9Rj5RcaX/wt1ffWmc/EvSNlCyjs=
gitlab.devtools.intel.com/sst/isecl/lib/kms-client v0.0.0-20190108194113-346ab5daaac1 h1:0V23i3UIthNwgPHDQ2EOEnc3ybDIraQCr4HHFJ7uS9U=
gitlab.devtools.intel.com/sst/isecl/lib/kms-client v0.0.0-20190108194113-346ab5daaac1/go.mod h1:GvuweO3Yr/sMr16D9Rj5RcaX/wt1ffWmc/EvSNlCyjs=
gitlab.devtools.intel.com/sst/isecl/lib/kms-client v0.0.0-20190108231233-4b4903cb88bd h1:vRSkJLDj57Ew182ZH9hR5sLfsmRidGO9uxSY5NG4EFc=
gitlab.devtools.intel.com/sst/isecl/lib/kms-client v0.0.0-20190108231233-4b4903cb88bd/go.mod h1:GvuweO3Yr/sMr16D9Rj5RcaX/wt1ffWmc/EvSNlCyjs=
gitlab.devtools.intel.com/sst/isecl/lib/kms-client v0.0.0-20190108233307-aca988b5677b h1:D7GepZ5Nb6d6AqGljENVDHgWuyvkUAVy4sAMQRgnyLo=
gitlab.devtools.intel.com/sst/isecl/lib/kms-client v0.0.0-20190108233307-aca988b5677b/go.mod h1:GvuweO3Yr/sMr16D9Rj5RcaX/wt1ffWmc/EvSNlCyjs=
gitlab.devtools.intel.com/sst/isecl/lib/kms-client v0.0.0-20190109183622-875edaf8b53a h1:HISU5jK4MOp/mHslh405IqLMg31//Sg1zf73zJualis=
gitlab.devtools.intel.com/sst/isecl/lib/kms-client v0.0.0-20190109183622-875edaf8b53a/go.mod h1:GvuweO3Yr/sMr16D9Rj5RcaX/wt1ffWmc/EvSNlCyjs=
gitlab.devtools.intel.com/sst/isecl/lib/kms-client v0.0.0-20190109211603-42ccf1301419 h1:RL9gdN2SV6LUuqjkl2YSD+efGOdix+pekkaJGUlqywY=
gitlab.devtools.intel.com/sst/isecl/lib/kms-client v0.0.0-20190109211603-42ccf1301419/go.mod h1:TN+17PttS3cVZuZB8bTnlLmp01U/8MLOhAeXeJEDpS8=
gitlab.devtools.intel.com/sst/isecl/lib/kms-client v0.0.0-20190115215917-0f326ad16148 h1:akanVnp6/L28LPtiL5Sjjug0fUUrBVCaw4Jrfezfpz8=
gitlab.devtools.intel.com/sst/isecl/lib/kms-client v0.0.0-20190115215917-0f326ad16148/go.mod h1:TN+17PttS3cVZuZB8bTnlLmp01U/8MLOhAeXeJEDpS8=
gitlab.devtools.intel.com/sst/isecl/lib/middleware v0.0.0-20181204232340-f34e00324e43 h1:6RF/uhg8KP/aKTzib5iW3M04YRW+X4erj2utlzsBV2k=
gitlab.devtools.intel.com/sst/isecl/lib/middleware v0.0.0-20181204232340-f34e00324e43/go.mod h1:s1oeBEvEfM2yEoK+YDaXe4vYSnMS973qAWdhKEMJnDU=
gitlab.devtools.intel.com/sst/isecl/lib/middleware v0.0.0-20190111193733-c44ca199cb36 h1:quHgOa2DMfqw9NKmxlkmtLkjEIp+wLsZrlSzNk/ks6s=
gitlab.devtools.intel.com/sst/isecl/lib/middleware v0.0.0-20190111193733-c44ca199cb36/go.mod h1:s1oeBEvEfM2yEoK+YDaXe4vYSnMS973qAWdhKEMJnDU=
gitlab.devtools.intel.com/sst/isecl/lib/verifier v0.0.0-20181221212114-b1d5e4114406 h1:70NKhkDleOebcl8UjGSPvoTR+i9cKQlSe80EYorfSMo=
gitlab.devtools.intel.com/sst/isecl/lib/verifier v0.0.0-20181221212114-b1d5e4114406/go.mod h1:TqnNionUhfQZQpvawZxZN/D2JSzAuthFC7NCBH38l0M=
golang.org/x/crypto v0.0.0-20180904163835-0709b304e793 h1:u+LnwYTOOW7Ukr/fppxEb1Nwz0AtPflrblfvUudpo+I=
golang.org/x/crypto v0.0.0-20180904163835-0709b304e793/go.mod h1:6SG95UA2DQfeDnfUPMdvaQW0Q7yPrPDi9nlGo2tz2b4=
golang.org/x/crypto v0.0.0-20181203042331-505ab145d0a9 h1:mKdxBk7AujPs8kU4m80U72y/zjbZ3UcXC7dClwKbUI0=
golang.org/x/crypto v0.0.0-20181203042331-505ab145d0a9/go.mod h1:6SG95UA2DQfeDnfUPMdvaQW0Q7yPrPDi9nlGo2tz2b4=
golang.org/x/net v0.0.0-20180724234803-3673e40ba225/go.mod h1:mL1N/T3taQHkDXs73rZJwtUhF3w3ftmwwsq0BUmARs4=
golang.org/x/sys v0.0.0-20180905080454-ebe1bf3edb33 h1:I6FyU15t786LL7oL/hn43zqTuEGr4PN7F4XJ1p4E3Y8=
golang.org/x/sys v0.0.0-20180905080454-ebe1bf3edb33/go.mod h1:STP8DvDyc/dI5b8T5hshtkjS+E42TnysNCUPdjciGhY=
golang.org/x/text v0.3.0/go.mod h1:NqM8EUOU14njkJ3fqMW+pc6Ldnwhi/IjpwHt7yyuwOQ=
golang.org/x/time v0.0.0-20181108054448-85acf8d2951c/go.mod h1:tRJNPiyCQ0inRvYxbN9jk5I+vvW/OXSQhTDSoE431IQ=
google.golang.org/appengine v1.4.0 h1:/wp5JvzpHIxhs/dumFmF7BXTf3Z+dd4uXta4kVyO508=
google.golang.org/appengine v1.4.0/go.mod h1:xpcJRLb0r/rnEns0DIKYYv+WjYCduHsrkT7/EB5XEv4=
gopkg.in/check.v1 v0.0.0-20161208181325-20d25e280405 h1:yhCVgyC4o1eVCa2tZl7eS0r+SDo693bJlVdllGtEeKM=
gopkg.in/check.v1 v0.0.0-20161208181325-20d25e280405/go.mod h1:Co6ibVJAznAaIkqp8huTwlJQCZ016jof/cbN4VW5Yz0=
gopkg.in/yaml.v2 v2.2.2 h1:ZCJp+EgiOT7lHqUV2J862kp8Qj64Jo6az82+3Td9dZw=
gopkg.in/yaml.v2 v2.2.2/go.mod h1:hI93XBmqTisBFMUTm0b8Fm+jr3Dg1NNxqwp+5A1VGuI=
