github.com/davecgh/go-spew v1.1.1 h1:vj9j/u1bqnvCEfJOwUhtlOARqs3+rkHYY13jYWTU97c=
github.com/davecgh/go-spew v1.1.1/go.mod h1:J7Y8YcW2NihsgmVo/mv3lAwl/skON4iLHjSsI+c5H38=
github.com/gorilla/mux v1.6.2 h1:Pgr17XVTNXAk3q/r4CpKzC5xBM/qW1uVLV+IhRZpIIk=
github.com/gorilla/mux v1.6.2/go.mod h1:1lud6UwP+6orDFRuTfBEV8e9/aOM/c4fVVCaMa2zaAs=
github.com/jinzhu/gorm v1.9.2 h1:lCvgEaqe/HVE+tjAR2mt4HbbHAZsQOv3XAZiEZV37iw=
github.com/jinzhu/gorm v1.9.2/go.mod h1:Vla75njaFJ8clLU1W44h34PjIkijhjHIYnZxMqCdxqo=
github.com/jinzhu/inflection v0.0.0-20180308033659-04140366298a h1:eeaG9XMUvRBYXJi4pg1ZKM7nxc5AfXfojeLLW7O5J3k=
github.com/jinzhu/inflection v0.0.0-20180308033659-04140366298a/go.mod h1:h+uFLlag+Qp1Va5pdKtLDYj+kHp5pxUVkryuEj+Srlc=
github.com/lib/pq v1.0.0 h1:X5PMW56eZitiTeO7tKzZxFCSpbFZJtkMMooicw2us9A=
github.com/lib/pq v1.0.0/go.mod h1:5WUZQaWbwv1U+lTReE5YruASi9Al49XbQIvNi/34Woo=
github.com/pmezard/go-difflib v1.0.0 h1:4DBwDE0NGyQoBHbLQYPwSUPoCMWR5BEzIk/f1lZbAQM=
github.com/pmezard/go-difflib v1.0.0/go.mod h1:iKH77koFhYxTK1pcRnkKkqfTogsbg7gZNVY4sRDYZ/4=
github.com/satori/go.uuid v1.2.1-0.20181028125025-b2ce2384e17b h1:gQZ0qzfKHQIybLANtM3mBXNUtOfsCFXeTsnBqCsx1KM=
github.com/satori/go.uuid v1.2.1-0.20181028125025-b2ce2384e17b/go.mod h1:dA0hQrYB0VpLJoorglMZABFdXlWrHn1NEOzdhQKdks0=
github.com/stretchr/objx v0.1.1/go.mod h1:HFkY916IF+rwdDfMAkV7OtwuqBVzrE8GR6GFx+wExME=
github.com/stretchr/testify v1.2.2 h1:bSDNvY7ZPG5RlJ8otE/7V6gMiyenm9RtJ7IUVIAoJ1w=
github.com/stretchr/testify v1.2.2/go.mod h1:a8OnRcib4nhh0OaRAV+Yts87kKdq0PP7pXfy6kDkUVs=
gitlab.devtools.intel.com/sst/isecl/lib/common v0.0.0-20181121191214-b6cb5d0ef496 h1:F149VFsZb87OxJQ3RQO6Fm1UO+KvRYNNcx0o5kK889U=
gitlab.devtools.intel.com/sst/isecl/lib/common v0.0.0-20181121191214-b6cb5d0ef496/go.mod h1:QoBuIKg0Olk/c0420oq1X87FqNfzduAA38tFMqDRU+8=
gitlab.devtools.intel.com/sst/isecl/lib/flavor v0.0.0-20181206181952-1ec1e81fed41 h1:Lcn5jx9SIzKgUoz+SnBtv27iYb63gkds3/Wukrbu5Dk=
gitlab.devtools.intel.com/sst/isecl/lib/flavor v0.0.0-20181206181952-1ec1e81fed41/go.mod h1:fCTEU9j0ghUk5WedUJokcVkjOym9WdeXhakwa+gH8u0=
gitlab.devtools.intel.com/sst/isecl/lib/middleware v0.0.0-20181204232340-f34e00324e43 h1:6RF/uhg8KP/aKTzib5iW3M04YRW+X4erj2utlzsBV2k=
gitlab.devtools.intel.com/sst/isecl/lib/middleware v0.0.0-20181204232340-f34e00324e43/go.mod h1:s1oeBEvEfM2yEoK+YDaXe4vYSnMS973qAWdhKEMJnDU=
gitlab.devtools.intel.com/sst/isecl/lib/verifier v0.0.0-20181204003420-b4990e0ce468 h1:G0quFileC42RoJNya1ZjIgh2vDRYnGiRgmtdbiMRMTA=
gitlab.devtools.intel.com/sst/isecl/lib/verifier v0.0.0-20181204003420-b4990e0ce468/go.mod h1:TqnNionUhfQZQpvawZxZN/D2JSzAuthFC7NCBH38l0M=
gitlab.devtools.intel.com/sst/isecl/lib/verifier v0.0.0-20181221184719-e2ac3291ded2 h1:Cf6MODZlWT1NHobu+6cHZNaSM1/FbN+nditZSHjh9+w=
gitlab.devtools.intel.com/sst/isecl/lib/verifier v0.0.0-20181221184719-e2ac3291ded2/go.mod h1:TqnNionUhfQZQpvawZxZN/D2JSzAuthFC7NCBH38l0M=
gitlab.devtools.intel.com/sst/isecl/lib/verifier v0.0.0-20181221212114-b1d5e4114406 h1:70NKhkDleOebcl8UjGSPvoTR+i9cKQlSe80EYorfSMo=
gitlab.devtools.intel.com/sst/isecl/lib/verifier v0.0.0-20181221212114-b1d5e4114406/go.mod h1:TqnNionUhfQZQpvawZxZN/D2JSzAuthFC7NCBH38l0M=
